
Microsoft Visual Studio Solution File, Format Version 12.00
# Visual Studio Version 17
VisualStudioVersion = 17.2.32616.157
MinimumVisualStudioVersion = 10.0.40219.1
Project("{9A19103F-16F7-4668-BE54-9A1E7A4F7556}") = "MyAutoService", "MyAutoService\MyAutoService.csproj", "{F9F2751E-0253-4FF8-879A-0738A525317B}"
EndProject
Global
	GlobalSection(SolutionConfigurationPlatforms) = preSolution
		Debug|Any CPU = Debug|Any CPU
		Release|Any CPU = Release|Any CPU
	EndGlobalSection
	GlobalSection(ProjectConfigurationPlatforms) = postSolution
		{F9F2751E-0253-4FF8-879A-0738A525317B}.Debug|Any CPU.ActiveCfg = Debug|Any CPU
		{F9F2751E-0253-4FF8-879A-0738A525317B}.Debug|Any CPU.Build.0 = Debug|Any CPU
		{F9F2751E-0253-4FF8-879A-0738A525317B}.Release|Any CPU.ActiveCfg = Release|Any CPU
		{F9F2751E-0253-4FF8-879A-0738A525317B}.Release|Any CPU.Build.0 = Release|Any CPU
	EndGlobalSection
	GlobalSection(SolutionProperties) = preSolution
		HideSolutionNode = FALSE
	EndGlobalSection
	GlobalSection(ExtensibilityGlobals) = postSolution
		SolutionGuid = {D1197FC6-E525-4CDE-B278-BECF9CBA6D5A}
	EndGlobalSection
EndGlobal
